// !$*UTF8*$!
{
	archiveVersion = 1;
	classes = {
	};
	objectVersion = 77;
	objects = {

/* Begin PBXContainerItemProxy section */
		169ECD992D4D27D100AF3BA7 /* PBXContainerItemProxy */ = {
			isa = PBXContainerItemProxy;
			containerPortal = 169ECD802D4D27CF00AF3BA7 /* Project object */;
			proxyType = 1;
			remoteGlobalIDString = 169ECD872D4D27CF00AF3BA7;
			remoteInfo = AssignmentNoteBook;
		};
		169ECDA32D4D27D100AF3BA7 /* PBXContainerItemProxy */ = {
			isa = PBXContainerItemProxy;
			containerPortal = 169ECD802D4D27CF00AF3BA7 /* Project object */;
			proxyType = 1;
			remoteGlobalIDString = 169ECD872D4D27CF00AF3BA7;
			remoteInfo = AssignmentNoteBook;
		};
/* End PBXContainerItemProxy section */

/* Begin PBXFileReference section */
		169ECD882D4D27CF00AF3BA7 /* AssignmentNoteBook.app */ = {isa = PBXFileReference; explicitFileType = wrapper.application; includeInIndex = 0; path = AssignmentNoteBook.app; sourceTree = BUILT_PRODUCTS_DIR; };
		169ECD982D4D27D100AF3BA7 /* AssignmentNoteBookTests.xctest */ = {isa = PBXFileReference; explicitFileType = wrapper.cfbundle; includeInIndex = 0; path = AssignmentNoteBookTests.xctest; sourceTree = BUILT_PRODUCTS_DIR; };
		169ECDA22D4D27D100AF3BA7 /* AssignmentNoteBookUITests.xctest */ = {isa = PBXFileReference; explicitFileType = wrapper.cfbundle; includeInIndex = 0; path = AssignmentNoteBookUITests.xctest; sourceTree = BUILT_PRODUCTS_DIR; };
/* End PBXFileReference section */

/* Begin PBXFileSystemSynchronizedRootGroup section */
		169ECD8A2D4D27CF00AF3BA7 /* AssignmentNoteBook */ = {
			isa = PBXFileSystemSynchronizedRootGroup;
			path = AssignmentNoteBook;
			sourceTree = "<group>";
		};
		169ECD9B2D4D27D100AF3BA7 /* AssignmentNoteBookTests */ = {
			isa = PBXFileSystemSynchronizedRootGroup;
			path = AssignmentNoteBookTests;
			sourceTree = "<group>";
		};
		169ECDA52D4D27D100AF3BA7 /* AssignmentNoteBookUITests */ = {
			isa = PBXFileSystemSynchronizedRootGroup;
			path = AssignmentNoteBookUITests;
			sourceTree = "<group>";
		};
/* End PBXFileSystemSynchronizedRootGroup section */

/* Begin PBXFrameworksBuildPhase section */
		169ECD852D4D27CF00AF3BA7 /* Frameworks */ = {
			isa = PBXFrameworksBuildPhase;
			buildActionMask = 2147483647;
			files = (
			);
			runOnlyForDeploymentPostprocessing = 0;
		};
		169ECD952D4D27D100AF3BA7 /* Frameworks */ = {
			isa = PBXFrameworksBuildPhase;
			buildActionMask = 2147483647;
			files = (
			);
			runOnlyForDeploymentPostprocessing = 0;
		};
		169ECD9F2D4D27D100AF3BA7 /* Frameworks */ = {
			isa = PBXFrameworksBuildPhase;
			buildActionMask = 2147483647;
			files = (
			);
			runOnlyForDeploymentPostprocessing = 0;
		};
/* End PBXFrameworksBuildPhase section */

/* Begin PBXGroup section */
		169ECD7F2D4D27CF00AF3BA7 = {
			isa = PBXGroup;
			children = (
				169ECD8A2D4D27CF00AF3BA7 /* AssignmentNoteBook */,
				169ECD9B2D4D27D100AF3BA7 /* AssignmentNoteBookTests */,
				169ECDA52D4D27D100AF3BA7 /* AssignmentNoteBookUITests */,
				169ECD892D4D27CF00AF3BA7 /* Products */,
			);
			sourceTree = "<group>";
		};
		169ECD892D4D27CF00AF3BA7 /* Products */ = {
			isa = PBXGroup;
			children = (
				169ECD882D4D27CF00AF3BA7 /* AssignmentNoteBook.app */,
				169ECD982D4D27D100AF3BA7 /* AssignmentNoteBookTests.xctest */,
				169ECDA22D4D27D100AF3BA7 /* AssignmentNoteBookUITests.xctest */,
			);
			name = Products;
			sourceTree = "<group>";
		};
/* End PBXGroup section */

/* Begin PBXNativeTarget section */
		169ECD872D4D27CF00AF3BA7 /* AssignmentNoteBook */ = {
			isa = PBXNativeTarget;
			buildConfigurationList = 169ECDAC2D4D27D100AF3BA7 /* Build configuration list for PBXNativeTarget "AssignmentNoteBook" */;
			buildPhases = (
				169ECD842D4D27CF00AF3BA7 /* Sources */,
				169ECD852D4D27CF00AF3BA7 /* Frameworks */,
				169ECD862D4D27CF00AF3BA7 /* Resources */,
			);
			buildRules = (
			);
			dependencies = (
			);
			fileSystemSynchronizedGroups = (
				169ECD8A2D4D27CF00AF3BA7 /* AssignmentNoteBook */,
			);
			name = AssignmentNoteBook;
			packageProductDependencies = (
			);
			productName = AssignmentNoteBook;
			productReference = 169ECD882D4D27CF00AF3BA7 /* AssignmentNoteBook.app */;
			productType = "com.apple.product-type.application";
		};
		169ECD972D4D27D100AF3BA7 /* AssignmentNoteBookTests */ = {
			isa = PBXNativeTarget;
			buildConfigurationList = 169ECDAF2D4D27D100AF3BA7 /* Build configuration list for PBXNativeTarget "AssignmentNoteBookTests" */;
			buildPhases = (
				169ECD942D4D27D100AF3BA7 /* Sources */,
				169ECD952D4D27D100AF3BA7 /* Frameworks */,
				169ECD962D4D27D100AF3BA7 /* Resources */,
			);
			buildRules = (
			);
			dependencies = (
				169ECD9A2D4D27D100AF3BA7 /* PBXTargetDependency */,
			);
			fileSystemSynchronizedGroups = (
				169ECD9B2D4D27D100AF3BA7 /* AssignmentNoteBookTests */,
			);
			name = AssignmentNoteBookTests;
			packageProductDependencies = (
			);
			productName = AssignmentNoteBookTests;
			productReference = 169ECD982D4D27D100AF3BA7 /* AssignmentNoteBookTests.xctest */;
			productType = "com.apple.product-type.bundle.unit-test";
		};
		169ECDA12D4D27D100AF3BA7 /* AssignmentNoteBookUITests */ = {
			isa = PBXNativeTarget;
			buildConfigurationList = 169ECDB22D4D27D100AF3BA7 /* Build configuration list for PBXNativeTarget "AssignmentNoteBookUITests" */;
			buildPhases = (
				169ECD9E2D4D27D100AF3BA7 /* Sources */,
				169ECD9F2D4D27D100AF3BA7 /* Frameworks */,
				169ECDA02D4D27D100AF3BA7 /* Resources */,
			);
			buildRules = (
			);
			dependencies = (
				169ECDA42D4D27D100AF3BA7 /* PBXTargetDependency */,
			);
			fileSystemSynchronizedGroups = (
				169ECDA52D4D27D100AF3BA7 /* AssignmentNoteBookUITests */,
			);
			name = AssignmentNoteBookUITests;
			packageProductDependencies = (
			);
			productName = AssignmentNoteBookUITests;
			productReference = 169ECDA22D4D27D100AF3BA7 /* AssignmentNoteBookUITests.xctest */;
			productType = "com.apple.product-type.bundle.ui-testing";
		};
/* End PBXNativeTarget section */

/* Begin PBXProject section */
		169ECD802D4D27CF00AF3BA7 /* Project object */ = {
			isa = PBXProject;
			attributes = {
				BuildIndependentTargetsInParallel = 1;
				LastSwiftUpdateCheck = 1620;
				LastUpgradeCheck = 1620;
				TargetAttributes = {
					169ECD872D4D27CF00AF3BA7 = {
						CreatedOnToolsVersion = 16.2;
					};
					169ECD972D4D27D100AF3BA7 = {
						CreatedOnToolsVersion = 16.2;
						TestTargetID = 169ECD872D4D27CF00AF3BA7;
					};
					169ECDA12D4D27D100AF3BA7 = {
						CreatedOnToolsVersion = 16.2;
						TestTargetID = 169ECD872D4D27CF00AF3BA7;
					};
				};
			};
			buildConfigurationList = 169ECD832D4D27CF00AF3BA7 /* Build configuration list for PBXProject "AssignmentNoteBook" */;
			developmentRegion = en;
			hasScannedForEncodings = 0;
			knownRegions = (
				en,
				Base,
			);
			mainGroup = 169ECD7F2D4D27CF00AF3BA7;
			minimizedProjectReferenceProxies = 1;
			preferredProjectObjectVersion = 77;
			productRefGroup = 169ECD892D4D27CF00AF3BA7 /* Products */;
			projectDirPath = "";
			projectRoot = "";
			targets = (
				169ECD872D4D27CF00AF3BA7 /* AssignmentNoteBook */,
				169ECD972D4D27D100AF3BA7 /* AssignmentNoteBookTests */,
				169ECDA12D4D27D100AF3BA7 /* AssignmentNoteBookUITests */,
			);
		};
/* End PBXProject section */

/* Begin PBXResourcesBuildPhase section */
		169ECD862D4D27CF00AF3BA7 /* Resources */ = {
			isa = PBXResourcesBuildPhase;
			buildActionMask = 2147483647;
			files = (
			);
			runOnlyForDeploymentPostprocessing = 0;
		};
		169ECD962D4D27D100AF3BA7 /* Resources */ = {
			isa = PBXResourcesBuildPhase;
			buildActionMask = 2147483647;
			files = (
			);
			runOnlyForDeploymentPostprocessing = 0;
		};
		169ECDA02D4D27D100AF3BA7 /* Resources */ = {
			isa = PBXResourcesBuildPhase;
			buildActionMask = 2147483647;
			files = (
			);
			runOnlyForDeploymentPostprocessing = 0;
		};
/* End PBXResourcesBuildPhase section */

/* Begin PBXSourcesBuildPhase section */
		169ECD842D4D27CF00AF3BA7 /* Sources */ = {
			isa = PBXSourcesBuildPhase;
			buildActionMask = 2147483647;
			files = (
			);
			runOnlyForDeploymentPostprocessing = 0;
		};
		169ECD942D4D27D100AF3BA7 /* Sources */ = {
			isa = PBXSourcesBuildPhase;
			buildActionMask = 2147483647;
			files = (
			);
			runOnlyForDeploymentPostprocessing = 0;
		};
		169ECD9E2D4D27D100AF3BA7 /* Sources */ = {
			isa = PBXSourcesBuildPhase;
			buildActionMask = 2147483647;
			files = (
			);
			runOnlyForDeploymentPostprocessing = 0;
		};
/* End PBXSourcesBuildPhase section */

/* Begin PBXTargetDependency section */
		169ECD9A2D4D27D100AF3BA7 /* PBXTargetDependency */ = {
			isa = PBXTargetDependency;
			target = 169ECD872D4D27CF00AF3BA7 /* AssignmentNoteBook */;
			targetProxy = 169ECD992D4D27D100AF3BA7 /* PBXContainerItemProxy */;
		};
		169ECDA42D4D27D100AF3BA7 /* PBXTargetDependency */ = {
			isa = PBXTargetDependency;
			target = 169ECD872D4D27CF00AF3BA7 /* AssignmentNoteBook */;
			targetProxy = 169ECDA32D4D27D100AF3BA7 /* PBXContainerItemProxy */;
		};
/* End PBXTargetDependency section */

/* Begin XCBuildConfiguration section */
		169ECDAA2D4D27D100AF3BA7 /* Debug */ = {
			isa = XCBuildConfiguration;
			buildSettings = {
				ALWAYS_SEARCH_USER_PATHS = NO;
				ASSETCATALOG_COMPILER_GENERATE_SWIFT_ASSET_SYMBOL_EXTENSIONS = YES;
				CLANG_ANALYZER_NONNULL = YES;
				CLANG_ANALYZER_NUMBER_OBJECT_CONVERSION = YES_AGGRESSIVE;
				CLANG_CXX_LANGUAGE_STANDARD = "gnu++20";
				CLANG_ENABLE_MODULES = YES;
				CLANG_ENABLE_OBJC_ARC = YES;
				CLANG_ENABLE_OBJC_WEAK = YES;
				CLANG_WARN_BLOCK_CAPTURE_AUTORELEASING = YES;
				CLANG_WARN_BOOL_CONVERSION = YES;
				CLANG_WARN_COMMA = YES;
				CLANG_WARN_CONSTANT_CONVERSION = YES;
				CLANG_WARN_DEPRECATED_OBJC_IMPLEMENTATIONS = YES;
				CLANG_WARN_DIRECT_OBJC_ISA_USAGE = YES_ERROR;
				CLANG_WARN_DOCUMENTATION_COMMENTS = YES;
				CLANG_WARN_EMPTY_BODY = YES;
				CLANG_WARN_ENUM_CONVERSION = YES;
				CLANG_WARN_INFINITE_RECURSION = YES;
				CLANG_WARN_INT_CONVERSION = YES;
				CLANG_WARN_NON_LITERAL_NULL_CONVERSION = YES;
				CLANG_WARN_OBJC_IMPLICIT_RETAIN_SELF = YES;
				CLANG_WARN_OBJC_LITERAL_CONVERSION = YES;
				CLANG_WARN_OBJC_ROOT_CLASS = YES_ERROR;
				CLANG_WARN_QUOTED_INCLUDE_IN_FRAMEWORK_HEADER = YES;
				CLANG_WARN_RANGE_LOOP_ANALYSIS = YES;
				CLANG_WARN_STRICT_PROTOTYPES = YES;
				CLANG_WARN_SUSPICIOUS_MOVE = YES;
				CLANG_WARN_UNGUARDED_AVAILABILITY = YES_AGGRESSIVE;
				CLANG_WARN_UNREACHABLE_CODE = YES;
				CLANG_WARN__DUPLICATE_METHOD_MATCH = YES;
				COPY_PHASE_STRIP = NO;
				DEBUG_INFORMATION_FORMAT = dwarf;
				ENABLE_STRICT_OBJC_MSGSEND = YES;
				ENABLE_TESTABILITY = YES;
				ENABLE_USER_SCRIPT_SANDBOXING = YES;
				GCC_C_LANGUAGE_STANDARD = gnu17;
				GCC_DYNAMIC_NO_PIC = NO;
				GCC_NO_COMMON_BLOCKS = YES;
				GCC_OPTIMIZATION_LEVEL = 0;
				GCC_PREPROCESSOR_DEFINITIONS = (
					"DEBUG=1",
					"$(inherited)",
				);
				GCC_WARN_64_TO_32_BIT_CONVERSION = YES;
				GCC_WARN_ABOUT_RETURN_TYPE = YES_ERROR;
				GCC_WARN_UNDECLARED_SELECTOR = YES;
				GCC_WARN_UNINITIALIZED_AUTOS = YES_AGGRESSIVE;
				GCC_WARN_UNUSED_FUNCTION = YES;
				GCC_WARN_UNUSED_VARIABLE = YES;
				IPHONEOS_DEPLOYMENT_TARGET = 18.2;
				LOCALIZATION_PREFERS_STRING_CATALOGS = YES;
				MTL_ENABLE_DEBUG_INFO = INCLUDE_SOURCE;
				MTL_FAST_MATH = YES;
				ONLY_ACTIVE_ARCH = YES;
				SDKROOT = iphoneos;
				SWIFT_ACTIVE_COMPILATION_CONDITIONS = "DEBUG $(inherited)";
				SWIFT_OPTIMIZATION_LEVEL = "-Onone";
			};
			name = Debug;
		};
		169ECDAB2D4D27D100AF3BA7 /* Release */ = {
			isa = XCBuildConfiguration;
			buildSettings = {
				ALWAYS_SEARCH_USER_PATHS = NO;
				ASSETCATALOG_COMPILER_GENERATE_SWIFT_ASSET_SYMBOL_EXTENSIONS = YES;
				CLANG_ANALYZER_NONNULL = YES;
				CLANG_ANALYZER_NUMBER_OBJECT_CONVERSION = YES_AGGRESSIVE;
				CLANG_CXX_LANGUAGE_STANDARD = "gnu++20";
				CLANG_ENABLE_MODULES = YES;
				CLANG_ENABLE_OBJC_ARC = YES;
				CLANG_ENABLE_OBJC_WEAK = YES;
				CLANG_WARN_BLOCK_CAPTURE_AUTORELEASING = YES;
				CLANG_WARN_BOOL_CONVERSION = YES;
				CLANG_WARN_COMMA = YES;
				CLANG_WARN_CONSTANT_CONVERSION = YES;
				CLANG_WARN_DEPRECATED_OBJC_IMPLEMENTATIONS = YES;
				CLANG_WARN_DIRECT_OBJC_ISA_USAGE = YES_ERROR;
				CLANG_WARN_DOCUMENTATION_COMMENTS = YES;
				CLANG_WARN_EMPTY_BODY = YES;
				CLANG_WARN_ENUM_CONVERSION = YES;
				CLANG_WARN_INFINITE_RECURSION = YES;
				CLANG_WARN_INT_CONVERSION = YES;
				CLANG_WARN_NON_LITERAL_NULL_CONVERSION = YES;
				CLANG_WARN_OBJC_IMPLICIT_RETAIN_SELF = YES;
				CLANG_WARN_OBJC_LITERAL_CONVERSION = YES;
				CLANG_WARN_OBJC_ROOT_CLASS = YES_ERROR;
				CLANG_WARN_QUOTED_INCLUDE_IN_FRAMEWORK_HEADER = YES;
				CLANG_WARN_RANGE_LOOP_ANALYSIS = YES;
				CLANG_WARN_STRICT_PROTOTYPES = YES;
				CLANG_WARN_SUSPICIOUS_MOVE = YES;
				CLANG_WARN_UNGUARDED_AVAILABILITY = YES_AGGRESSIVE;
				CLANG_WARN_UNREACHABLE_CODE = YES;
				CLANG_WARN__DUPLICATE_METHOD_MATCH = YES;
				COPY_PHASE_STRIP = NO;
				DEBUG_INFORMATION_FORMAT = "dwarf-with-dsym";
				ENABLE_NS_ASSERTIONS = NO;
				ENABLE_STRICT_OBJC_MSGSEND = YES;
				ENABLE_USER_SCRIPT_SANDBOXING = YES;
				GCC_C_LANGUAGE_STANDARD = gnu17;
				GCC_NO_COMMON_BLOCKS = YES;
				GCC_WARN_64_TO_32_BIT_CONVERSION = YES;
				GCC_WARN_ABOUT_RETURN_TYPE = YES_ERROR;
				GCC_WARN_UNDECLARED_SELECTOR = YES;
				GCC_WARN_UNINITIALIZED_AUTOS = YES_AGGRESSIVE;
				GCC_WARN_UNUSED_FUNCTION = YES;
				GCC_WARN_UNUSED_VARIABLE = YES;
				IPHONEOS_DEPLOYMENT_TARGET = 18.2;
				LOCALIZATION_PREFERS_STRING_CATALOGS = YES;
				MTL_ENABLE_DEBUG_INFO = NO;
				MTL_FAST_MATH = YES;
				SDKROOT = iphoneos;
				SWIFT_COMPILATION_MODE = wholemodule;
				VALIDATE_PRODUCT = YES;
			};
			name = Release;
		};
		169ECDAD2D4D27D100AF3BA7 /* Debug */ = {
			isa = XCBuildConfiguration;
			buildSettings = {
				ASSETCATALOG_COMPILER_APPICON_NAME = AppIcon;
				ASSETCATALOG_COMPILER_GLOBAL_ACCENT_COLOR_NAME = AccentColor;
				CODE_SIGN_STYLE = Automatic;
				CURRENT_PROJECT_VERSION = 1;
				DEVELOPMENT_ASSET_PATHS = "\"AssignmentNoteBook/Preview Content\"";
				DEVELOPMENT_TEAM = P2TQUSUDZ6;
				ENABLE_PREVIEWS = YES;
				GENERATE_INFOPLIST_FILE = YES;
				INFOPLIST_KEY_UIApplicationSceneManifest_Generation = YES;
				INFOPLIST_KEY_UIApplicationSupportsIndirectInputEvents = YES;
				INFOPLIST_KEY_UILaunchScreen_Generation = YES;
				INFOPLIST_KEY_UISupportedInterfaceOrientations_iPad = "UIInterfaceOrientationPortrait UIInterfaceOrientationPortraitUpsideDown UIInterfaceOrientationLandscapeLeft UIInterfaceOrientationLandscapeRight";
				INFOPLIST_KEY_UISupportedInterfaceOrientations_iPhone = "UIInterfaceOrientationPortrait UIInterfaceOrientationLandscapeLeft UIInterfaceOrientationLandscapeRight";
				LD_RUNPATH_SEARCH_PATHS = (
					"$(inherited)",
					"@executable_path/Frameworks",
				);
				MARKETING_VERSION = 1.0;
				PRODUCT_BUNDLE_IDENTIFIER = com.zane.AssignmentNoteBook;
				PRODUCT_NAME = "$(TARGET_NAME)";
				SWIFT_EMIT_LOC_STRINGS = YES;
				SWIFT_VERSION = 5.0;
				TARGETED_DEVICE_FAMILY = "1,2";
			};
			name = Debug;
		};
		169ECDAE2D4D27D100AF3BA7 /* Release */ = {
			isa = XCBuildConfiguration;
			buildSettings = {
				ASSETCATALOG_COMPILER_APPICON_NAME = AppIcon;
				ASSETCATALOG_COMPILER_GLOBAL_ACCENT_COLOR_NAME = AccentColor;
				CODE_SIGN_STYLE = Automatic;
				CURRENT_PROJECT_VERSION = 1;
				DEVELOPMENT_ASSET_PATHS = "\"AssignmentNoteBook/Preview Content\"";
				DEVELOPMENT_TEAM = P2TQUSUDZ6;
				ENABLE_PREVIEWS = YES;
				GENERATE_INFOPLIST_FILE = YES;
				INFOPLIST_KEY_UIApplicationSceneManifest_Generation = YES;
				INFOPLIST_KEY_UIApplicationSupportsIndirectInputEvents = YES;
				INFOPLIST_KEY_UILaunchScreen_Generation = YES;
				INFOPLIST_KEY_UISupportedInterfaceOrientations_iPad = "UIInterfaceOrientationPortrait UIInterfaceOrientationPortraitUpsideDown UIInterfaceOrientationLandscapeLeft UIInterfaceOrientationLandscapeRight";
				INFOPLIST_KEY_UISupportedInterfaceOrientations_iPhone = "UIInterfaceOrientationPortrait UIInterfaceOrientationLandscapeLeft UIInterfaceOrientationLandscapeRight";
				LD_RUNPATH_SEARCH_PATHS = (
					"$(inherited)",
					"@executable_path/Frameworks",
				);
				MARKETING_VERSION = 1.0;
				PRODUCT_BUNDLE_IDENTIFIER = com.zane.AssignmentNoteBook;
				PRODUCT_NAME = "$(TARGET_NAME)";
				SWIFT_EMIT_LOC_STRINGS = YES;
				SWIFT_VERSION = 5.0;
				TARGETED_DEVICE_FAMILY = "1,2";
			};
			name = Release;
		};
		169ECDB02D4D27D100AF3BA7 /* Debug */ = {
			isa = XCBuildConfiguration;
			buildSettings = {
				BUNDLE_LOADER = "$(TEST_HOST)";
				CODE_SIGN_STYLE = Automatic;
				CURRENT_PROJECT_VERSION = 1;
				DEVELOPMENT_TEAM = P2TQUSUDZ6;
				GENERATE_INFOPLIST_FILE = YES;
				IPHONEOS_DEPLOYMENT_TARGET = 18.2;
				MARKETING_VERSION = 1.0;
				PRODUCT_BUNDLE_IDENTIFIER = com.zane.AssignmentNoteBookTests;
				PRODUCT_NAME = "$(TARGET_NAME)";
				SWIFT_EMIT_LOC_STRINGS = NO;
				SWIFT_VERSION = 5.0;
				TARGETED_DEVICE_FAMILY = "1,2";
				TEST_HOST = "$(BUILT_PRODUCTS_DIR)/AssignmentNoteBook.app/$(BUNDLE_EXECUTABLE_FOLDER_PATH)/AssignmentNoteBook";
			};
			name = Debug;
		};
		169ECDB12D4D27D100AF3BA7 /* Release */ = {
			isa = XCBuildConfiguration;
			buildSettings = {
				BUNDLE_LOADER = "$(TEST_HOST)";
				CODE_SIGN_STYLE = Automatic;
				CURRENT_PROJECT_VERSION = 1;
				DEVELOPMENT_TEAM = P2TQUSUDZ6;
				GENERATE_INFOPLIST_FILE = YES;
				IPHONEOS_DEPLOYMENT_TARGET = 18.2;
				MARKETING_VERSION = 1.0;
				PRODUCT_BUNDLE_IDENTIFIER = com.zane.AssignmentNoteBookTests;
				PRODUCT_NAME = "$(TARGET_NAME)";
				SWIFT_EMIT_LOC_STRINGS = NO;
				SWIFT_VERSION = 5.0;
				TARGETED_DEVICE_FAMILY = "1,2";
				TEST_HOST = "$(BUILT_PRODUCTS_DIR)/AssignmentNoteBook.app/$(BUNDLE_EXECUTABLE_FOLDER_PATH)/AssignmentNoteBook";
			};
			name = Release;
		};
		169ECDB32D4D27D100AF3BA7 /* Debug */ = {
			isa = XCBuildConfiguration;
			buildSettings = {
				CODE_SIGN_STYLE = Automatic;
				CURRENT_PROJECT_VERSION = 1;
				DEVELOPMENT_TEAM = P2TQUSUDZ6;
				GENERATE_INFOPLIST_FILE = YES;
				MARKETING_VERSION = 1.0;
				PRODUCT_BUNDLE_IDENTIFIER = com.zane.AssignmentNoteBookUITests;
				PRODUCT_NAME = "$(TARGET_NAME)";
				SWIFT_EMIT_LOC_STRINGS = NO;
				SWIFT_VERSION = 5.0;
				TARGETED_DEVICE_FAMILY = "1,2";
				TEST_TARGET_NAME = AssignmentNoteBook;
			};
			name = Debug;
		};
		169ECDB42D4D27D100AF3BA7 /* Release */ = {
			isa = XCBuildConfiguration;
			buildSettings = {
				CODE_SIGN_STYLE = Automatic;
				CURRENT_PROJECT_VERSION = 1;
				DEVELOPMENT_TEAM = P2TQUSUDZ6;
				GENERATE_INFOPLIST_FILE = YES;
				MARKETING_VERSION = 1.0;
				PRODUCT_BUNDLE_IDENTIFIER = com.zane.AssignmentNoteBookUITests;
				PRODUCT_NAME = "$(TARGET_NAME)";
				SWIFT_EMIT_LOC_STRINGS = NO;
				SWIFT_VERSION = 5.0;
				TARGETED_DEVICE_FAMILY = "1,2";
				TEST_TARGET_NAME = AssignmentNoteBook;
			};
			name = Release;
		};
/* End XCBuildConfiguration section */

/* Begin XCConfigurationList section */
		169ECD832D4D27CF00AF3BA7 /* Build configuration list for PBXProject "AssignmentNoteBook" */ = {
			isa = XCConfigurationList;
			buildConfigurations = (
				169ECDAA2D4D27D100AF3BA7 /* Debug */,
				169ECDAB2D4D27D100AF3BA7 /* Release */,
			);
			defaultConfigurationIsVisible = 0;
			defaultConfigurationName = Release;
		};
		169ECDAC2D4D27D100AF3BA7 /* Build configuration list for PBXNativeTarget "AssignmentNoteBook" */ = {
			isa = XCConfigurationList;
			buildConfigurations = (
				169ECDAD2D4D27D100AF3BA7 /* Debug */,
				169ECDAE2D4D27D100AF3BA7 /* Release */,
			);
			defaultConfigurationIsVisible = 0;
			defaultConfigurationName = Release;
		};
		169ECDAF2D4D27D100AF3BA7 /* Build configuration list for PBXNativeTarget "AssignmentNoteBookTests" */ = {
			isa = XCConfigurationList;
			buildConfigurations = (
				169ECDB02D4D27D100AF3BA7 /* Debug */,
				169ECDB12D4D27D100AF3BA7 /* Release */,
			);
			defaultConfigurationIsVisible = 0;
			defaultConfigurationName = Release;
		};
		169ECDB22D4D27D100AF3BA7 /* Build configuration list for PBXNativeTarget "AssignmentNoteBookUITests" */ = {
			isa = XCConfigurationList;
			buildConfigurations = (
				169ECDB32D4D27D100AF3BA7 /* Debug */,
				169ECDB42D4D27D100AF3BA7 /* Release */,
			);
			defaultConfigurationIsVisible = 0;
			defaultConfigurationName = Release;
		};
/* End XCConfigurationList section */
	};
	rootObject = 169ECD802D4D27CF00AF3BA7 /* Project object */;
}
